# THIS IS AN AUTOGENERATED FILE. DO NOT EDIT THIS FILE DIRECTLY.
# yarn lockfile v1


"@types/node@^18.18.6":
  version "18.18.6"
  resolved "https://registry.yarnpkg.com/@types/node/-/node-18.18.6.tgz#26da694f75cdb057750f49d099da5e3f3824cb3e"
  integrity sha512-wf3Vz+jCmOQ2HV1YUJuCWdL64adYxumkrxtc+H1VUQlnQI04+5HtH+qZCOE21lBE7gIrt+CwX2Wv8Acrw5Ak6w==

node-addon-api@^8.0.0:
  version "8.0.0"
  resolved "https://registry.yarnpkg.com/node-addon-api/-/node-addon-api-8.0.0.tgz#5453b7ad59dd040d12e0f1a97a6fa1c765c5c9d2"
  integrity sha512-ipO7rsHEBqa9STO5C5T10fj732ml+5kLN1cAG8/jdHd56ldQeGj3Q7+scUS+VHK/qy1zLEwC4wMK5+yM0btPvw==

typescript@^5.4.5:
  version "5.4.5"
  resolved "https://registry.yarnpkg.com/typescript/-/typescript-5.4.5.tgz#42ccef2c571fdbd0f6718b1d1f5e6e5ef006f611"
  integrity sha512-vcI4UpRgg81oIRUFwR0WSIHKt11nJ7SAVlYNIu+QpqeyXP+gpQJy/Z4+F0aGxSE4MqwjyXvW/TzgkLAx2AGHwQ==
